
Microsoft Visual Studio Solution File, Format Version 12.00
# Visual Studio 15
VisualStudioVersion = 15.0.28307.421
MinimumVisualStudioVersion = 10.0.40219.1
Project("{FAE04EC0-301F-11D3-BF4B-00C04F79EFBC}") = "Searching", "Searching\Searching.csproj", "{AA855F37-D64E-4C0F-86B3-DF2C4911381A}"
EndProject
Project("{FAE04EC0-301F-11D3-BF4B-00C04F79EFBC}") = "UnitTestProject1", "UnitTestProject1\UnitTestProject1.csproj", "{B877B50B-392F-4760-8774-106CBEB11295}"
EndProject
Global
	GlobalSection(SolutionConfigurationPlatforms) = preSolution
		Debug|Any CPU = Debug|Any CPU
		Release|Any CPU = Release|Any CPU
	EndGlobalSection
	GlobalSection(ProjectConfigurationPlatforms) = postSolution
		{AA855F37-D64E-4C0F-86B3-DF2C4911381A}.Debug|Any CPU.ActiveCfg = Debug|Any CPU
		{AA855F37-D64E-4C0F-86B3-DF2C4911381A}.Debug|Any CPU.Build.0 = Debug|Any CPU
		{AA855F37-D64E-4C0F-86B3-DF2C4911381A}.Release|Any CPU.ActiveCfg = Release|Any CPU
		{AA855F37-D64E-4C0F-86B3-DF2C4911381A}.Release|Any CPU.Build.0 = Release|Any CPU
		{B877B50B-392F-4760-8774-106CBEB11295}.Debug|Any CPU.ActiveCfg = Debug|Any CPU
		{B877B50B-392F-4760-8774-106CBEB11295}.Debug|Any CPU.Build.0 = Debug|Any CPU
		{B877B50B-392F-4760-8774-106CBEB11295}.Release|Any CPU.ActiveCfg = Release|Any CPU
		{B877B50B-392F-4760-8774-106CBEB11295}.Release|Any CPU.Build.0 = Release|Any CPU
	EndGlobalSection
	GlobalSection(SolutionProperties) = preSolution
		HideSolutionNode = FALSE
	EndGlobalSection
	GlobalSection(ExtensibilityGlobals) = postSolution
		SolutionGuid = {5561A352-BB3D-4B7E-AE97-6F2ACC98F224}
	EndGlobalSection
EndGlobal
